
Microsoft Visual Studio Solution File, Format Version 12.00
# Visual Studio Version 17
VisualStudioVersion = 17.4.33122.133
MinimumVisualStudioVersion = 10.0.40219.1
Project("{9A19103F-16F7-4668-BE54-9A1E7A4F7556}") = "restaurant-dashboard-backend", "restaurant-dashboard-backend.csproj", "{31FC1FDA-9F39-4FD5-8558-BF2CBE9B6F8B}"
EndProject
Global
	GlobalSection(SolutionConfigurationPlatforms) = preSolution
		Debug|Any CPU = Debug|Any CPU
		Release|Any CPU = Release|Any CPU
	EndGlobalSection
	GlobalSection(ProjectConfigurationPlatforms) = postSolution
		{31FC1FDA-9F39-4FD5-8558-BF2CBE9B6F8B}.Debug|Any CPU.ActiveCfg = Debug|Any CPU
		{31FC1FDA-9F39-4FD5-8558-BF2CBE9B6F8B}.Debug|Any CPU.Build.0 = Debug|Any CPU
		{31FC1FDA-9F39-4FD5-8558-BF2CBE9B6F8B}.Release|Any CPU.ActiveCfg = Release|Any CPU
		{31FC1FDA-9F39-4FD5-8558-BF2CBE9B6F8B}.Release|Any CPU.Build.0 = Release|Any CPU
	EndGlobalSection
	GlobalSection(SolutionProperties) = preSolution
		HideSolutionNode = FALSE
	EndGlobalSection
	GlobalSection(ExtensibilityGlobals) = postSolution
		SolutionGuid = {D3ED3E16-ED70-43B6-886F-89F1046C557D}
	EndGlobalSection
EndGlobal
